
Microsoft Visual Studio Solution File, Format Version 12.00
# Visual Studio Version 17
VisualStudioVersion = 17.0.31903.59
MinimumVisualStudioVersion = 10.0.40219.1
Project("{FAE04EC0-301F-11D3-BF4B-00C04F79EFBC}") = "BugPro", "BugPro\BugPro.csproj", "{4E05B6D9-8434-46FF-9A22-66EB6C835602}"
EndProject
Project("{FAE04EC0-301F-11D3-BF4B-00C04F79EFBC}") = "BugTests", "BugTests\BugTests.csproj", "{1E3874F7-7F9D-4057-8F27-5BE9DBE74E1C}"
EndProject
Global
	GlobalSection(SolutionConfigurationPlatforms) = preSolution
		Debug|Any CPU = Debug|Any CPU
		Release|Any CPU = Release|Any CPU
	EndGlobalSection
	GlobalSection(SolutionProperties) = preSolution
		HideSolutionNode = FALSE
	EndGlobalSection
	GlobalSection(ProjectConfigurationPlatforms) = postSolution
		{4E05B6D9-8434-46FF-9A22-66EB6C835602}.Debug|Any CPU.ActiveCfg = Debug|Any CPU
		{4E05B6D9-8434-46FF-9A22-66EB6C835602}.Debug|Any CPU.Build.0 = Debug|Any CPU
		{4E05B6D9-8434-46FF-9A22-66EB6C835602}.Release|Any CPU.ActiveCfg = Release|Any CPU
		{4E05B6D9-8434-46FF-9A22-66EB6C835602}.Release|Any CPU.Build.0 = Release|Any CPU
		{1E3874F7-7F9D-4057-8F27-5BE9DBE74E1C}.Debug|Any CPU.ActiveCfg = Debug|Any CPU
		{1E3874F7-7F9D-4057-8F27-5BE9DBE74E1C}.Debug|Any CPU.Build.0 = Debug|Any CPU
		{1E3874F7-7F9D-4057-8F27-5BE9DBE74E1C}.Release|Any CPU.ActiveCfg = Release|Any CPU
		{1E3874F7-7F9D-4057-8F27-5BE9DBE74E1C}.Release|Any CPU.Build.0 = Release|Any CPU
	EndGlobalSection
EndGlobal
